
Microsoft Visual Studio Solution File, Format Version 12.00
# Visual Studio Version 16
VisualStudioVersion = 16.0.29009.5
MinimumVisualStudioVersion = 10.0.40219.1
Project("{9A19103F-16F7-4668-BE54-9A1E7A4F7556}") = "EL.InfluxDB", "EL.InfluxDB\EL.InfluxDB.csproj", "{92C1E297-CEE9-4AD2-BFB7-1915CF8CD391}"
EndProject
Project("{9A19103F-16F7-4668-BE54-9A1E7A4F7556}") = "EL.InfluxDB.IntegrationTests", "EL.InfluxDB.IntegrationTests\EL.InfluxDB.IntegrationTests.csproj", "{3D610A80-62BC-4487-A02C-EE978EF751AB}"
EndProject
Project("{9A19103F-16F7-4668-BE54-9A1E7A4F7556}") = "EL.InfluxDB.UnitTests", "EL.InfluxDB.UnitTests\EL.InfluxDB.UnitTests.csproj", "{41FC4B29-A015-4E28-9FA4-29A7ED2DD6B6}"
EndProject
Global
	GlobalSection(SolutionConfigurationPlatforms) = preSolution
		Debug|Any CPU = Debug|Any CPU
		Release|Any CPU = Release|Any CPU
	EndGlobalSection
	GlobalSection(ProjectConfigurationPlatforms) = postSolution
		{92C1E297-CEE9-4AD2-BFB7-1915CF8CD391}.Debug|Any CPU.ActiveCfg = Debug|Any CPU
		{92C1E297-CEE9-4AD2-BFB7-1915CF8CD391}.Debug|Any CPU.Build.0 = Debug|Any CPU
		{92C1E297-CEE9-4AD2-BFB7-1915CF8CD391}.Release|Any CPU.ActiveCfg = Release|Any CPU
		{92C1E297-CEE9-4AD2-BFB7-1915CF8CD391}.Release|Any CPU.Build.0 = Release|Any CPU
		{3D610A80-62BC-4487-A02C-EE978EF751AB}.Debug|Any CPU.ActiveCfg = Debug|Any CPU
		{3D610A80-62BC-4487-A02C-EE978EF751AB}.Debug|Any CPU.Build.0 = Debug|Any CPU
		{3D610A80-62BC-4487-A02C-EE978EF751AB}.Release|Any CPU.ActiveCfg = Release|Any CPU
		{3D610A80-62BC-4487-A02C-EE978EF751AB}.Release|Any CPU.Build.0 = Release|Any CPU
		{41FC4B29-A015-4E28-9FA4-29A7ED2DD6B6}.Debug|Any CPU.ActiveCfg = Debug|Any CPU
		{41FC4B29-A015-4E28-9FA4-29A7ED2DD6B6}.Debug|Any CPU.Build.0 = Debug|Any CPU
		{41FC4B29-A015-4E28-9FA4-29A7ED2DD6B6}.Release|Any CPU.ActiveCfg = Release|Any CPU
		{41FC4B29-A015-4E28-9FA4-29A7ED2DD6B6}.Release|Any CPU.Build.0 = Release|Any CPU
	EndGlobalSection
	GlobalSection(SolutionProperties) = preSolution
		HideSolutionNode = FALSE
	EndGlobalSection
	GlobalSection(ExtensibilityGlobals) = postSolution
		SolutionGuid = {D7A796A2-D45D-4136-8467-D3F01226DA06}
	EndGlobalSection
EndGlobal
